// !$*UTF8*$!
{
	archiveVersion = 1;
	classes = {
	};
	objectVersion = 46;
	objects = {

/* Begin PBXBuildFile section */
		CA1493BE1D6CAF90009F4D73 /* AppDelegate.swift in Sources */ = {isa = PBXBuildFile; fileRef = CA1493BD1D6CAF90009F4D73 /* AppDelegate.swift */; };
		CA1493C01D6CAF90009F4D73 /* ViewController.swift in Sources */ = {isa = PBXBuildFile; fileRef = CA1493BF1D6CAF90009F4D73 /* ViewController.swift */; };
		CA1493C31D6CAF90009F4D73 /* Main.storyboard in Resources */ = {isa = PBXBuildFile; fileRef = CA1493C11D6CAF90009F4D73 /* Main.storyboard */; };
		CA1493C61D6CAF90009F4D73 /* Router.xcdatamodeld in Sources */ = {isa = PBXBuildFile; fileRef = CA1493C41D6CAF90009F4D73 /* Router.xcdatamodeld */; };
		CA1493C81D6CAF90009F4D73 /* Assets.xcassets in Resources */ = {isa = PBXBuildFile; fileRef = CA1493C71D6CAF90009F4D73 /* Assets.xcassets */; };
		CA1493CB1D6CAF90009F4D73 /* LaunchScreen.storyboard in Resources */ = {isa = PBXBuildFile; fileRef = CA1493C91D6CAF90009F4D73 /* LaunchScreen.storyboard */; };
		CA1493D61D6CAF90009F4D73 /* RouterTests.swift in Sources */ = {isa = PBXBuildFile; fileRef = CA1493D51D6CAF90009F4D73 /* RouterTests.swift */; };
		CA1493E11D6CAF90009F4D73 /* RouterUITests.swift in Sources */ = {isa = PBXBuildFile; fileRef = CA1493E01D6CAF90009F4D73 /* RouterUITests.swift */; };
		CA1493EF1D6CB73F009F4D73 /* Router.swift in Sources */ = {isa = PBXBuildFile; fileRef = CA1493EE1D6CB73F009F4D73 /* Router.swift */; };
		CA1493F11D7080F4009F4D73 /* MyRoute.swift in Sources */ = {isa = PBXBuildFile; fileRef = CA1493F01D7080F4009F4D73 /* MyRoute.swift */; };
		CA1493F31D708E04009F4D73 /* CustomSegue.swift in Sources */ = {isa = PBXBuildFile; fileRef = CA1493F21D708E04009F4D73 /* CustomSegue.swift */; };
/* End PBXBuildFile section */

/* Begin PBXContainerItemProxy section */
		CA1493D21D6CAF90009F4D73 /* PBXContainerItemProxy */ = {
			isa = PBXContainerItemProxy;
			containerPortal = CA1493B21D6CAF90009F4D73 /* Project object */;
			proxyType = 1;
			remoteGlobalIDString = CA1493B91D6CAF90009F4D73;
			remoteInfo = Router;
		};
		CA1493DD1D6CAF90009F4D73 /* PBXContainerItemProxy */ = {
			isa = PBXContainerItemProxy;
			containerPortal = CA1493B21D6CAF90009F4D73 /* Project object */;
			proxyType = 1;
			remoteGlobalIDString = CA1493B91D6CAF90009F4D73;
			remoteInfo = Router;
		};
/* End PBXContainerItemProxy section */

/* Begin PBXFileReference section */
		CA1493BA1D6CAF90009F4D73 /* Router.app */ = {isa = PBXFileReference; explicitFileType = wrapper.application; includeInIndex = 0; path = Router.app; sourceTree = BUILT_PRODUCTS_DIR; };
		CA1493BD1D6CAF90009F4D73 /* AppDelegate.swift */ = {isa = PBXFileReference; lastKnownFileType = sourcecode.swift; path = AppDelegate.swift; sourceTree = "<group>"; };
		CA1493BF1D6CAF90009F4D73 /* ViewController.swift */ = {isa = PBXFileReference; lastKnownFileType = sourcecode.swift; path = ViewController.swift; sourceTree = "<group>"; };
		CA1493C21D6CAF90009F4D73 /* Base */ = {isa = PBXFileReference; lastKnownFileType = file.storyboard; name = Base; path = Base.lproj/Main.storyboard; sourceTree = "<group>"; };
		CA1493C51D6CAF90009F4D73 /* Router.xcdatamodel */ = {isa = PBXFileReference; lastKnownFileType = wrapper.xcdatamodel; path = Router.xcdatamodel; sourceTree = "<group>"; };
		CA1493C71D6CAF90009F4D73 /* Assets.xcassets */ = {isa = PBXFileReference; lastKnownFileType = folder.assetcatalog; path = Assets.xcassets; sourceTree = "<group>"; };
		CA1493CA1D6CAF90009F4D73 /* Base */ = {isa = PBXFileReference; lastKnownFileType = file.storyboard; name = Base; path = Base.lproj/LaunchScreen.storyboard; sourceTree = "<group>"; };
		CA1493CC1D6CAF90009F4D73 /* Info.plist */ = {isa = PBXFileReference; lastKnownFileType = text.plist.xml; path = Info.plist; sourceTree = "<group>"; };
		CA1493D11D6CAF90009F4D73 /* RouterTests.xctest */ = {isa = PBXFileReference; explicitFileType = wrapper.cfbundle; includeInIndex = 0; path = RouterTests.xctest; sourceTree = BUILT_PRODUCTS_DIR; };
		CA1493D51D6CAF90009F4D73 /* RouterTests.swift */ = {isa = PBXFileReference; lastKnownFileType = sourcecode.swift; path = RouterTests.swift; sourceTree = "<group>"; };
		CA1493D71D6CAF90009F4D73 /* Info.plist */ = {isa = PBXFileReference; lastKnownFileType = text.plist.xml; path = Info.plist; sourceTree = "<group>"; };
		CA1493DC1D6CAF90009F4D73 /* RouterUITests.xctest */ = {isa = PBXFileReference; explicitFileType = wrapper.cfbundle; includeInIndex = 0; path = RouterUITests.xctest; sourceTree = BUILT_PRODUCTS_DIR; };
		CA1493E01D6CAF90009F4D73 /* RouterUITests.swift */ = {isa = PBXFileReference; lastKnownFileType = sourcecode.swift; path = RouterUITests.swift; sourceTree = "<group>"; };
		CA1493E21D6CAF90009F4D73 /* Info.plist */ = {isa = PBXFileReference; lastKnownFileType = text.plist.xml; path = Info.plist; sourceTree = "<group>"; };
		CA1493EE1D6CB73F009F4D73 /* Router.swift */ = {isa = PBXFileReference; fileEncoding = 4; lastKnownFileType = sourcecode.swift; path = Router.swift; sourceTree = "<group>"; };
		CA1493F01D7080F4009F4D73 /* MyRoute.swift */ = {isa = PBXFileReference; fileEncoding = 4; lastKnownFileType = sourcecode.swift; path = MyRoute.swift; sourceTree = "<group>"; };
		CA1493F21D708E04009F4D73 /* CustomSegue.swift */ = {isa = PBXFileReference; fileEncoding = 4; lastKnownFileType = sourcecode.swift; path = CustomSegue.swift; sourceTree = "<group>"; };
/* End PBXFileReference section */

/* Begin PBXFrameworksBuildPhase section */
		CA1493B71D6CAF90009F4D73 /* Frameworks */ = {
			isa = PBXFrameworksBuildPhase;
			buildActionMask = 2147483647;
			files = (
			);
			runOnlyForDeploymentPostprocessing = 0;
		};
		CA1493CE1D6CAF90009F4D73 /* Frameworks */ = {
			isa = PBXFrameworksBuildPhase;
			buildActionMask = 2147483647;
			files = (
			);
			runOnlyForDeploymentPostprocessing = 0;
		};
		CA1493D91D6CAF90009F4D73 /* Frameworks */ = {
			isa = PBXFrameworksBuildPhase;
			buildActionMask = 2147483647;
			files = (
			);
			runOnlyForDeploymentPostprocessing = 0;
		};
/* End PBXFrameworksBuildPhase section */

/* Begin PBXGroup section */
		CA1493B11D6CAF90009F4D73 = {
			isa = PBXGroup;
			children = (
				CA1493BC1D6CAF90009F4D73 /* Router */,
				CA1493D41D6CAF90009F4D73 /* RouterTests */,
				CA1493DF1D6CAF90009F4D73 /* RouterUITests */,
				CA1493BB1D6CAF90009F4D73 /* Products */,
			);
			sourceTree = "<group>";
		};
		CA1493BB1D6CAF90009F4D73 /* Products */ = {
			isa = PBXGroup;
			children = (
				CA1493BA1D6CAF90009F4D73 /* Router.app */,
				CA1493D11D6CAF90009F4D73 /* RouterTests.xctest */,
				CA1493DC1D6CAF90009F4D73 /* RouterUITests.xctest */,
			);
			name = Products;
			sourceTree = "<group>";
		};
		CA1493BC1D6CAF90009F4D73 /* Router */ = {
			isa = PBXGroup;
			children = (
				CA1493BD1D6CAF90009F4D73 /* AppDelegate.swift */,
				CA1493BF1D6CAF90009F4D73 /* ViewController.swift */,
				CA1493C11D6CAF90009F4D73 /* Main.storyboard */,
				CA1493C71D6CAF90009F4D73 /* Assets.xcassets */,
				CA1493C91D6CAF90009F4D73 /* LaunchScreen.storyboard */,
				CA1493CC1D6CAF90009F4D73 /* Info.plist */,
				CA1493C41D6CAF90009F4D73 /* Router.xcdatamodeld */,
				CA1493EE1D6CB73F009F4D73 /* Router.swift */,
				CA1493F01D7080F4009F4D73 /* MyRoute.swift */,
				CA1493F21D708E04009F4D73 /* CustomSegue.swift */,
			);
			path = Router;
			sourceTree = "<group>";
		};
		CA1493D41D6CAF90009F4D73 /* RouterTests */ = {
			isa = PBXGroup;
			children = (
				CA1493D51D6CAF90009F4D73 /* RouterTests.swift */,
				CA1493D71D6CAF90009F4D73 /* Info.plist */,
			);
			path = RouterTests;
			sourceTree = "<group>";
		};
		CA1493DF1D6CAF90009F4D73 /* RouterUITests */ = {
			isa = PBXGroup;
			children = (
				CA1493E01D6CAF90009F4D73 /* RouterUITests.swift */,
				CA1493E21D6CAF90009F4D73 /* Info.plist */,
			);
			path = RouterUITests;
			sourceTree = "<group>";
		};
/* End PBXGroup section */

/* Begin PBXNativeTarget section */
		CA1493B91D6CAF90009F4D73 /* Router */ = {
			isa = PBXNativeTarget;
			buildConfigurationList = CA1493E51D6CAF90009F4D73 /* Build configuration list for PBXNativeTarget "Router" */;
			buildPhases = (
				CA1493B61D6CAF90009F4D73 /* Sources */,
				CA1493B71D6CAF90009F4D73 /* Frameworks */,
				CA1493B81D6CAF90009F4D73 /* Resources */,
			);
			buildRules = (
			);
			dependencies = (
			);
			name = Router;
			productName = Router;
			productReference = CA1493BA1D6CAF90009F4D73 /* Router.app */;
			productType = "com.apple.product-type.application";
		};
		CA1493D01D6CAF90009F4D73 /* RouterTests */ = {
			isa = PBXNativeTarget;
			buildConfigurationList = CA1493E81D6CAF90009F4D73 /* Build configuration list for PBXNativeTarget "RouterTests" */;
			buildPhases = (
				CA1493CD1D6CAF90009F4D73 /* Sources */,
				CA1493CE1D6CAF90009F4D73 /* Frameworks */,
				CA1493CF1D6CAF90009F4D73 /* Resources */,
			);
			buildRules = (
			);
			dependencies = (
				CA1493D31D6CAF90009F4D73 /* PBXTargetDependency */,
			);
			name = RouterTests;
			productName = RouterTests;
			productReference = CA1493D11D6CAF90009F4D73 /* RouterTests.xctest */;
			productType = "com.apple.product-type.bundle.unit-test";
		};
		CA1493DB1D6CAF90009F4D73 /* RouterUITests */ = {
			isa = PBXNativeTarget;
			buildConfigurationList = CA1493EB1D6CAF90009F4D73 /* Build configuration list for PBXNativeTarget "RouterUITests" */;
			buildPhases = (
				CA1493D81D6CAF90009F4D73 /* Sources */,
				CA1493D91D6CAF90009F4D73 /* Frameworks */,
				CA1493DA1D6CAF90009F4D73 /* Resources */,
			);
			buildRules = (
			);
			dependencies = (
				CA1493DE1D6CAF90009F4D73 /* PBXTargetDependency */,
			);
			name = RouterUITests;
			productName = RouterUITests;
			productReference = CA1493DC1D6CAF90009F4D73 /* RouterUITests.xctest */;
			productType = "com.apple.product-type.bundle.ui-testing";
		};
/* End PBXNativeTarget section */

/* Begin PBXProject section */
		CA1493B21D6CAF90009F4D73 /* Project object */ = {
			isa = PBXProject;
			attributes = {
				LastSwiftUpdateCheck = 0730;
				LastUpgradeCheck = 0800;
				ORGANIZATIONNAME = favre;
				TargetAttributes = {
					CA1493B91D6CAF90009F4D73 = {
						CreatedOnToolsVersion = 7.3.1;
						LastSwiftMigration = 0800;
					};
					CA1493D01D6CAF90009F4D73 = {
						CreatedOnToolsVersion = 7.3.1;
						LastSwiftMigration = 0800;
						TestTargetID = CA1493B91D6CAF90009F4D73;
					};
					CA1493DB1D6CAF90009F4D73 = {
						CreatedOnToolsVersion = 7.3.1;
						LastSwiftMigration = 0800;
						TestTargetID = CA1493B91D6CAF90009F4D73;
					};
				};
			};
			buildConfigurationList = CA1493B51D6CAF90009F4D73 /* Build configuration list for PBXProject "Router" */;
			compatibilityVersion = "Xcode 3.2";
			developmentRegion = English;
			hasScannedForEncodings = 0;
			knownRegions = (
				en,
				Base,
			);
			mainGroup = CA1493B11D6CAF90009F4D73;
			productRefGroup = CA1493BB1D6CAF90009F4D73 /* Products */;
			projectDirPath = "";
			projectRoot = "";
			targets = (
				CA1493B91D6CAF90009F4D73 /* Router */,
				CA1493D01D6CAF90009F4D73 /* RouterTests */,
				CA1493DB1D6CAF90009F4D73 /* RouterUITests */,
			);
		};
/* End PBXProject section */

/* Begin PBXResourcesBuildPhase section */
		CA1493B81D6CAF90009F4D73 /* Resources */ = {
			isa = PBXResourcesBuildPhase;
			buildActionMask = 2147483647;
			files = (
				CA1493CB1D6CAF90009F4D73 /* LaunchScreen.storyboard in Resources */,
				CA1493C81D6CAF90009F4D73 /* Assets.xcassets in Resources */,
				CA1493C31D6CAF90009F4D73 /* Main.storyboard in Resources */,
			);
			runOnlyForDeploymentPostprocessing = 0;
		};
		CA1493CF1D6CAF90009F4D73 /* Resources */ = {
			isa = PBXResourcesBuildPhase;
			buildActionMask = 2147483647;
			files = (
			);
			runOnlyForDeploymentPostprocessing = 0;
		};
		CA1493DA1D6CAF90009F4D73 /* Resources */ = {
			isa = PBXResourcesBuildPhase;
			buildActionMask = 2147483647;
			files = (
			);
			runOnlyForDeploymentPostprocessing = 0;
		};
/* End PBXResourcesBuildPhase section */

/* Begin PBXSourcesBuildPhase section */
		CA1493B61D6CAF90009F4D73 /* Sources */ = {
			isa = PBXSourcesBuildPhase;
			buildActionMask = 2147483647;
			files = (
				CA1493F11D7080F4009F4D73 /* MyRoute.swift in Sources */,
				CA1493EF1D6CB73F009F4D73 /* Router.swift in Sources */,
				CA1493C01D6CAF90009F4D73 /* ViewController.swift in Sources */,
				CA1493C61D6CAF90009F4D73 /* Router.xcdatamodeld in Sources */,
				CA1493F31D708E04009F4D73 /* CustomSegue.swift in Sources */,
				CA1493BE1D6CAF90009F4D73 /* AppDelegate.swift in Sources */,
			);
			runOnlyForDeploymentPostprocessing = 0;
		};
		CA1493CD1D6CAF90009F4D73 /* Sources */ = {
			isa = PBXSourcesBuildPhase;
			buildActionMask = 2147483647;
			files = (
				CA1493D61D6CAF90009F4D73 /* RouterTests.swift in Sources */,
			);
			runOnlyForDeploymentPostprocessing = 0;
		};
		CA1493D81D6CAF90009F4D73 /* Sources */ = {
			isa = PBXSourcesBuildPhase;
			buildActionMask = 2147483647;
			files = (
				CA1493E11D6CAF90009F4D73 /* RouterUITests.swift in Sources */,
			);
			runOnlyForDeploymentPostprocessing = 0;
		};
/* End PBXSourcesBuildPhase section */

/* Begin PBXTargetDependency section */
		CA1493D31D6CAF90009F4D73 /* PBXTargetDependency */ = {
			isa = PBXTargetDependency;
			target = CA1493B91D6CAF90009F4D73 /* Router */;
			targetProxy = CA1493D21D6CAF90009F4D73 /* PBXContainerItemProxy */;
		};
		CA1493DE1D6CAF90009F4D73 /* PBXTargetDependency */ = {
			isa = PBXTargetDependency;
			target = CA1493B91D6CAF90009F4D73 /* Router */;
			targetProxy = CA1493DD1D6CAF90009F4D73 /* PBXContainerItemProxy */;
		};
/* End PBXTargetDependency section */

/* Begin PBXVariantGroup section */
		CA1493C11D6CAF90009F4D73 /* Main.storyboard */ = {
			isa = PBXVariantGroup;
			children = (
				CA1493C21D6CAF90009F4D73 /* Base */,
			);
			name = Main.storyboard;
			sourceTree = "<group>";
		};
		CA1493C91D6CAF90009F4D73 /* LaunchScreen.storyboard */ = {
			isa = PBXVariantGroup;
			children = (
				CA1493CA1D6CAF90009F4D73 /* Base */,
			);
			name = LaunchScreen.storyboard;
			sourceTree = "<group>";
		};
/* End PBXVariantGroup section */

/* Begin XCBuildConfiguration section */
		CA1493E31D6CAF90009F4D73 /* Debug */ = {
			isa = XCBuildConfiguration;
			buildSettings = {
				ALWAYS_SEARCH_USER_PATHS = NO;
				CLANG_ANALYZER_NONNULL = YES;
				CLANG_CXX_LANGUAGE_STANDARD = "gnu++0x";
				CLANG_CXX_LIBRARY = "libc++";
				CLANG_ENABLE_MODULES = YES;
				CLANG_ENABLE_OBJC_ARC = YES;
				CLANG_WARN_BOOL_CONVERSION = YES;
				CLANG_WARN_CONSTANT_CONVERSION = YES;
				CLANG_WARN_DIRECT_OBJC_ISA_USAGE = YES_ERROR;
				CLANG_WARN_EMPTY_BODY = YES;
				CLANG_WARN_ENUM_CONVERSION = YES;
				CLANG_WARN_INFINITE_RECURSION = YES;
				CLANG_WARN_INT_CONVERSION = YES;
				CLANG_WARN_OBJC_ROOT_CLASS = YES_ERROR;
				CLANG_WARN_SUSPICIOUS_MOVE = YES;
				CLANG_WARN_UNREACHABLE_CODE = YES;
				CLANG_WARN__DUPLICATE_METHOD_MATCH = YES;
				"CODE_SIGN_IDENTITY[sdk=iphoneos*]" = "iPhone Developer";
				COPY_PHASE_STRIP = NO;
				DEBUG_INFORMATION_FORMAT = dwarf;
				ENABLE_STRICT_OBJC_MSGSEND = YES;
				ENABLE_TESTABILITY = YES;
				GCC_C_LANGUAGE_STANDARD = gnu99;
				GCC_DYNAMIC_NO_PIC = NO;
				GCC_NO_COMMON_BLOCKS = YES;
				GCC_OPTIMIZATION_LEVEL = 0;
				GCC_PREPROCESSOR_DEFINITIONS = (
					"DEBUG=1",
					"$(inherited)",
				);
				GCC_WARN_64_TO_32_BIT_CONVERSION = YES;
				GCC_WARN_ABOUT_RETURN_TYPE = YES_ERROR;
				GCC_WARN_UNDECLARED_SELECTOR = YES;
				GCC_WARN_UNINITIALIZED_AUTOS = YES_AGGRESSIVE;
				GCC_WARN_UNUSED_FUNCTION = YES;
				GCC_WARN_UNUSED_VARIABLE = YES;
				IPHONEOS_DEPLOYMENT_TARGET = 9.3;
				MTL_ENABLE_DEBUG_INFO = YES;
				ONLY_ACTIVE_ARCH = YES;
				SDKROOT = iphoneos;
				SWIFT_OPTIMIZATION_LEVEL = "-Onone";
				TARGETED_DEVICE_FAMILY = "1,2";
			};
			name = Debug;
		};
		CA1493E41D6CAF90009F4D73 /* Release */ = {
			isa = XCBuildConfiguration;
			buildSettings = {
				ALWAYS_SEARCH_USER_PATHS = NO;
				CLANG_ANALYZER_NONNULL = YES;
				CLANG_CXX_LANGUAGE_STANDARD = "gnu++0x";
				CLANG_CXX_LIBRARY = "libc++";
				CLANG_ENABLE_MODULES = YES;
				CLANG_ENABLE_OBJC_ARC = YES;
				CLANG_WARN_BOOL_CONVERSION = YES;
				CLANG_WARN_CONSTANT_CONVERSION = YES;
				CLANG_WARN_DIRECT_OBJC_ISA_USAGE = YES_ERROR;
				CLANG_WARN_EMPTY_BODY = YES;
				CLANG_WARN_ENUM_CONVERSION = YES;
				CLANG_WARN_INFINITE_RECURSION = YES;
				CLANG_WARN_INT_CONVERSION = YES;
				CLANG_WARN_OBJC_ROOT_CLASS = YES_ERROR;
				CLANG_WARN_SUSPICIOUS_MOVE = YES;
				CLANG_WARN_UNREACHABLE_CODE = YES;
				CLANG_WARN__DUPLICATE_METHOD_MATCH = YES;
				"CODE_SIGN_IDENTITY[sdk=iphoneos*]" = "iPhone Developer";
				COPY_PHASE_STRIP = NO;
				DEBUG_INFORMATION_FORMAT = "dwarf-with-dsym";
				ENABLE_NS_ASSERTIONS = NO;
				ENABLE_STRICT_OBJC_MSGSEND = YES;
				GCC_C_LANGUAGE_STANDARD = gnu99;
				GCC_NO_COMMON_BLOCKS = YES;
				GCC_WARN_64_TO_32_BIT_CONVERSION = YES;
				GCC_WARN_ABOUT_RETURN_TYPE = YES_ERROR;
				GCC_WARN_UNDECLARED_SELECTOR = YES;
				GCC_WARN_UNINITIALIZED_AUTOS = YES_AGGRESSIVE;
				GCC_WARN_UNUSED_FUNCTION = YES;
				GCC_WARN_UNUSED_VARIABLE = YES;
				IPHONEOS_DEPLOYMENT_TARGET = 9.3;
				MTL_ENABLE_DEBUG_INFO = NO;
				SDKROOT = iphoneos;
				SWIFT_OPTIMIZATION_LEVEL = "-Owholemodule";
				TARGETED_DEVICE_FAMILY = "1,2";
				VALIDATE_PRODUCT = YES;
			};
			name = Release;
		};
		CA1493E61D6CAF90009F4D73 /* Debug */ = {
			isa = XCBuildConfiguration;
			buildSettings = {
				ASSETCATALOG_COMPILER_APPICON_NAME = AppIcon;
				INFOPLIST_FILE = Router/Info.plist;
				LD_RUNPATH_SEARCH_PATHS = "$(inherited) @executable_path/Frameworks";
				PRODUCT_BUNDLE_IDENTIFIER = favre.Router;
				PRODUCT_NAME = "$(TARGET_NAME)";
				SWIFT_VERSION = 3.0;
			};
			name = Debug;
		};
		CA1493E71D6CAF90009F4D73 /* Release */ = {
			isa = XCBuildConfiguration;
			buildSettings = {
				ASSETCATALOG_COMPILER_APPICON_NAME = AppIcon;
				INFOPLIST_FILE = Router/Info.plist;
				LD_RUNPATH_SEARCH_PATHS = "$(inherited) @executable_path/Frameworks";
				PRODUCT_BUNDLE_IDENTIFIER = favre.Router;
				PRODUCT_NAME = "$(TARGET_NAME)";
				SWIFT_VERSION = 3.0;
			};
			name = Release;
		};
		CA1493E91D6CAF90009F4D73 /* Debug */ = {
			isa = XCBuildConfiguration;
			buildSettings = {
				BUNDLE_LOADER = "$(TEST_HOST)";
				INFOPLIST_FILE = RouterTests/Info.plist;
				LD_RUNPATH_SEARCH_PATHS = "$(inherited) @executable_path/Frameworks @loader_path/Frameworks";
				PRODUCT_BUNDLE_IDENTIFIER = favre.RouterTests;
				PRODUCT_NAME = "$(TARGET_NAME)";
				SWIFT_VERSION = 3.0;
				TEST_HOST = "$(BUILT_PRODUCTS_DIR)/Router.app/Router";
			};
			name = Debug;
		};
		CA1493EA1D6CAF90009F4D73 /* Release */ = {
			isa = XCBuildConfiguration;
			buildSettings = {
				BUNDLE_LOADER = "$(TEST_HOST)";
				INFOPLIST_FILE = RouterTests/Info.plist;
				LD_RUNPATH_SEARCH_PATHS = "$(inherited) @executable_path/Frameworks @loader_path/Frameworks";
				PRODUCT_BUNDLE_IDENTIFIER = favre.RouterTests;
				PRODUCT_NAME = "$(TARGET_NAME)";
				SWIFT_VERSION = 3.0;
				TEST_HOST = "$(BUILT_PRODUCTS_DIR)/Router.app/Router";
			};
			name = Release;
		};
		CA1493EC1D6CAF90009F4D73 /* Debug */ = {
			isa = XCBuildConfiguration;
			buildSettings = {
				INFOPLIST_FILE = RouterUITests/Info.plist;
				LD_RUNPATH_SEARCH_PATHS = "$(inherited) @executable_path/Frameworks @loader_path/Frameworks";
				PRODUCT_BUNDLE_IDENTIFIER = favre.RouterUITests;
				PRODUCT_NAME = "$(TARGET_NAME)";
				SWIFT_VERSION = 3.0;
				TEST_TARGET_NAME = Router;
			};
			name = Debug;
		};
		CA1493ED1D6CAF90009F4D73 /* Release */ = {
			isa = XCBuildConfiguration;
			buildSettings = {
				INFOPLIST_FILE = RouterUITests/Info.plist;
				LD_RUNPATH_SEARCH_PATHS = "$(inherited) @executable_path/Frameworks @loader_path/Frameworks";
				PRODUCT_BUNDLE_IDENTIFIER = favre.RouterUITests;
				PRODUCT_NAME = "$(TARGET_NAME)";
				SWIFT_VERSION = 3.0;
				TEST_TARGET_NAME = Router;
			};
			name = Release;
		};
/* End XCBuildConfiguration section */

/* Begin XCConfigurationList section */
		CA1493B51D6CAF90009F4D73 /* Build configuration list for PBXProject "Router" */ = {
			isa = XCConfigurationList;
			buildConfigurations = (
				CA1493E31D6CAF90009F4D73 /* Debug */,
				CA1493E41D6CAF90009F4D73 /* Release */,
			);
			defaultConfigurationIsVisible = 0;
			defaultConfigurationName = Release;
		};
		CA1493E51D6CAF90009F4D73 /* Build configuration list for PBXNativeTarget "Router" */ = {
			isa = XCConfigurationList;
			buildConfigurations = (
				CA1493E61D6CAF90009F4D73 /* Debug */,
				CA1493E71D6CAF90009F4D73 /* Release */,
			);
			defaultConfigurationIsVisible = 0;
			defaultConfigurationName = Release;
		};
		CA1493E81D6CAF90009F4D73 /* Build configuration list for PBXNativeTarget "RouterTests" */ = {
			isa = XCConfigurationList;
			buildConfigurations = (
				CA1493E91D6CAF90009F4D73 /* Debug */,
				CA1493EA1D6CAF90009F4D73 /* Release */,
			);
			defaultConfigurationIsVisible = 0;
			defaultConfigurationName = Release;
		};
		CA1493EB1D6CAF90009F4D73 /* Build configuration list for PBXNativeTarget "RouterUITests" */ = {
			isa = XCConfigurationList;
			buildConfigurations = (
				CA1493EC1D6CAF90009F4D73 /* Debug */,
				CA1493ED1D6CAF90009F4D73 /* Release */,
			);
			defaultConfigurationIsVisible = 0;
			defaultConfigurationName = Release;
		};
/* End XCConfigurationList section */

/* Begin XCVersionGroup section */
		CA1493C41D6CAF90009F4D73 /* Router.xcdatamodeld */ = {
			isa = XCVersionGroup;
			children = (
				CA1493C51D6CAF90009F4D73 /* Router.xcdatamodel */,
			);
			currentVersion = CA1493C51D6CAF90009F4D73 /* Router.xcdatamodel */;
			path = Router.xcdatamodeld;
			sourceTree = "<group>";
			versionGroupType = wrapper.xcdatamodel;
		};
/* End XCVersionGroup section */
	};
	rootObject = CA1493B21D6CAF90009F4D73 /* Project object */;
}
